
Microsoft Visual Studio Solution File, Format Version 12.00
# Visual Studio Version 17
VisualStudioVersion = 17.13.35818.85 d17.13
MinimumVisualStudioVersion = 10.0.40219.1
Project("{FAE04EC0-301F-11D3-BF4B-00C04F79EFBC}") = "MCPluger", "MCPluger\MCPluger.csproj", "{78B904C3-90A4-4617-B131-C7B66772EFDA}"
EndProject
Global
	GlobalSection(SolutionConfigurationPlatforms) = preSolution
		Debug|Any CPU = Debug|Any CPU
		Release|Any CPU = Release|Any CPU
	EndGlobalSection
	GlobalSection(ProjectConfigurationPlatforms) = postSolution
		{78B904C3-90A4-4617-B131-C7B66772EFDA}.Debug|Any CPU.ActiveCfg = Debug|Any CPU
		{78B904C3-90A4-4617-B131-C7B66772EFDA}.Debug|Any CPU.Build.0 = Debug|Any CPU
		{78B904C3-90A4-4617-B131-C7B66772EFDA}.Release|Any CPU.ActiveCfg = Release|Any CPU
		{78B904C3-90A4-4617-B131-C7B66772EFDA}.Release|Any CPU.Build.0 = Release|Any CPU
	EndGlobalSection
	GlobalSection(SolutionProperties) = preSolution
		HideSolutionNode = FALSE
	EndGlobalSection
	GlobalSection(ExtensibilityGlobals) = postSolution
		SolutionGuid = {6867278A-4E31-4C09-853D-5019CA1A4AE4}
	EndGlobalSection
EndGlobal
